{
  "name": "simplest-blog",
  "version": "1.0.1",
  "lockfileVersion": 3,
  "requires": true,
  "packages": {
    "": {
      "name": "simplest-blog",
      "version": "1.0.1",
      "license": "ISC",
      "dependencies": {
        "simplest-blog-engine": "github:bbraithwaite/simplest-blog-engine#v1.0.1"
      }
    },
    "node_modules/simplest-blog-engine": {
      "version": "1.0.1",
      "resolved": "git+ssh://git@github.com/bbraithwaite/simplest-blog-engine.git#4c9ef588c026bb9a1878d20036cf46b4dd3150e5",
      "license": "ISC"
    }
  }
}
