{
  "name": "simplest-blog",
  "version": "1.0.2",
  "lockfileVersion": 3,
  "requires": true,
  "packages": {
    "": {
      "name": "simplest-blog",
      "version": "1.0.2",
      "license": "ISC",
      "dependencies": {
        "simplest-blog-engine": "github:bbraithwaite/simplest-blog-engine#6e44705f095134aee6adc767396676e877a50af5"
      }
    },
    "node_modules/simplest-blog-engine": {
      "version": "1.0.2",
      "resolved": "git+ssh://git@github.com/bbraithwaite/simplest-blog-engine.git#6e44705f095134aee6adc767396676e877a50af5",
      "integrity": "sha512-fmf58uIyRJYSDVqmQefSkVv5rfEO+7Y3awP+sM+4N3PqKePwnqLd3anHGFy6dAdWIJyLnjukYo2bGWimQ7Bj8g==",
      "license": "ISC"
    }
  }
}
