{
  "name": "simplest-blog",
  "version": "1.0.0",
  "lockfileVersion": 3,
  "requires": true,
  "packages": {
    "": {
      "name": "simplest-blog",
      "version": "1.0.0",
      "license": "ISC",
      "dependencies": {
        "simplest-blog-engine": "github:bbraithwaite/simplest-blog-engine"
      }
    },
    "node_modules/simplest-blog-engine": {
      "version": "1.0.0",
      "resolved": "git+ssh://git@github.com/bbraithwaite/simplest-blog-engine.git#abd01fe40ee928c18b854b0cc088569427880d80",
      "license": "ISC"
    }
  }
}
